
Microsoft Visual Studio Solution File, Format Version 12.00
# Visual Studio Version 17
VisualStudioVersion = 17.8.34330.188
MinimumVisualStudioVersion = 10.0.40219.1
Project("{FAE04EC0-301F-11D3-BF4B-00C04F79EFBC}") = "DesktopOAuthLogin", "DesktopOAuthLogin\DesktopOAuthLogin.csproj", "{C61C8DCC-DB6D-452B-A3F7-7FB75ABF61F6}"
EndProject
Global
	GlobalSection(SolutionConfigurationPlatforms) = preSolution
		Debug|Any CPU = Debug|Any CPU
		Release|Any CPU = Release|Any CPU
	EndGlobalSection
	GlobalSection(ProjectConfigurationPlatforms) = postSolution
		{C61C8DCC-DB6D-452B-A3F7-7FB75ABF61F6}.Debug|Any CPU.ActiveCfg = Debug|Any CPU
		{C61C8DCC-DB6D-452B-A3F7-7FB75ABF61F6}.Debug|Any CPU.Build.0 = Debug|Any CPU
		{C61C8DCC-DB6D-452B-A3F7-7FB75ABF61F6}.Release|Any CPU.ActiveCfg = Release|Any CPU
		{C61C8DCC-DB6D-452B-A3F7-7FB75ABF61F6}.Release|Any CPU.Build.0 = Release|Any CPU
	EndGlobalSection
	GlobalSection(SolutionProperties) = preSolution
		HideSolutionNode = FALSE
	EndGlobalSection
	GlobalSection(ExtensibilityGlobals) = postSolution
		SolutionGuid = {6DB95764-CB7E-4C9D-9569-77B4CC3FDF60}
	EndGlobalSection
EndGlobal
